
Microsoft Visual Studio Solution File, Format Version 12.00
# Visual Studio Version 17
VisualStudioVersion = 17.3.32929.385
MinimumVisualStudioVersion = 10.0.40219.1
Project("{FAE04EC0-301F-11D3-BF4B-00C04F79EFBC}") = "Views", "kotomasyon\Views.csproj", "{E0545383-15B2-4F0F-9B7A-C9F213C6AA47}"
EndProject
Project("{FAE04EC0-301F-11D3-BF4B-00C04F79EFBC}") = "Models", "Model\Models.csproj", "{7733E45E-4E65-4F0D-9DBA-F74B249D8FBD}"
EndProject
Project("{FAE04EC0-301F-11D3-BF4B-00C04F79EFBC}") = "Controllers", "Controller\Controllers.csproj", "{ADFBC46F-3186-4B55-90F3-EC4CF9FC0C71}"
EndProject
Global
	GlobalSection(SolutionConfigurationPlatforms) = preSolution
		Debug|Any CPU = Debug|Any CPU
		Release|Any CPU = Release|Any CPU
	EndGlobalSection
	GlobalSection(ProjectConfigurationPlatforms) = postSolution
		{E0545383-15B2-4F0F-9B7A-C9F213C6AA47}.Debug|Any CPU.ActiveCfg = Debug|Any CPU
		{E0545383-15B2-4F0F-9B7A-C9F213C6AA47}.Debug|Any CPU.Build.0 = Debug|Any CPU
		{E0545383-15B2-4F0F-9B7A-C9F213C6AA47}.Release|Any CPU.ActiveCfg = Release|Any CPU
		{E0545383-15B2-4F0F-9B7A-C9F213C6AA47}.Release|Any CPU.Build.0 = Release|Any CPU
		{7733E45E-4E65-4F0D-9DBA-F74B249D8FBD}.Debug|Any CPU.ActiveCfg = Debug|Any CPU
		{7733E45E-4E65-4F0D-9DBA-F74B249D8FBD}.Debug|Any CPU.Build.0 = Debug|Any CPU
		{7733E45E-4E65-4F0D-9DBA-F74B249D8FBD}.Release|Any CPU.ActiveCfg = Release|Any CPU
		{7733E45E-4E65-4F0D-9DBA-F74B249D8FBD}.Release|Any CPU.Build.0 = Release|Any CPU
		{ADFBC46F-3186-4B55-90F3-EC4CF9FC0C71}.Debug|Any CPU.ActiveCfg = Debug|Any CPU
		{ADFBC46F-3186-4B55-90F3-EC4CF9FC0C71}.Debug|Any CPU.Build.0 = Debug|Any CPU
		{ADFBC46F-3186-4B55-90F3-EC4CF9FC0C71}.Release|Any CPU.ActiveCfg = Release|Any CPU
		{ADFBC46F-3186-4B55-90F3-EC4CF9FC0C71}.Release|Any CPU.Build.0 = Release|Any CPU
	EndGlobalSection
	GlobalSection(SolutionProperties) = preSolution
		HideSolutionNode = FALSE
	EndGlobalSection
	GlobalSection(ExtensibilityGlobals) = postSolution
		SolutionGuid = {29612A0D-3ECD-4F99-8479-300669FC2340}
	EndGlobalSection
EndGlobal
